// !$*UTF8*$!
{
	archiveVersion = 1;
	classes = {
	};
	objectVersion = 77;
	objects = {

/* Begin PBXContainerItemProxy section */
		21C27BF73014423000CFC488 /* PBXContainerItemProxy */ = {
			isa = PBXContainerItemProxy;
			containerPortal = 21C27BDF3014422E00CFC488 /* Project object */;
			proxyType = 1;
			remoteGlobalIDString = 21C27BE63014422E00CFC488;
			remoteInfo = "badapple-sleep";
		};
		21C27C013014423000CFC488 /* PBXContainerItemProxy */ = {
			isa = PBXContainerItemProxy;
			containerPortal = 21C27BDF3014422E00CFC488 /* Project object */;
			proxyType = 1;
			remoteGlobalIDString = 21C27BE63014422E00CFC488;
			remoteInfo = "badapple-sleep";
		};
/* End PBXContainerItemProxy section */

/* Begin PBXFileReference section */
		21C27BE73014422E00CFC488 /* badapple-sleep.app */ = {isa = PBXFileReference; explicitFileType = wrapper.application; includeInIndex = 0; path = "badapple-sleep.app"; sourceTree = BUILT_PRODUCTS_DIR; };
		21C27BF63014423000CFC488 /* badapple-sleepTests.xctest */ = {isa = PBXFileReference; explicitFileType = wrapper.cfbundle; includeInIndex = 0; path = "badapple-sleepTests.xctest"; sourceTree = BUILT_PRODUCTS_DIR; };
		21C27C003014423000CFC488 /* badapple-sleepUITests.xctest */ = {isa = PBXFileReference; explicitFileType = wrapper.cfbundle; includeInIndex = 0; path = "badapple-sleepUITests.xctest"; sourceTree = BUILT_PRODUCTS_DIR; };
/* End PBXFileReference section */

/* Begin PBXFileSystemSynchronizedRootGroup section */
		21C27BE93014422E00CFC488 /* badapple-sleep */ = {
			isa = PBXFileSystemSynchronizedRootGroup;
			path = "badapple-sleep";
			sourceTree = "<group>";
		};
		21C27BF93014423000CFC488 /* badapple-sleepTests */ = {
			isa = PBXFileSystemSynchronizedRootGroup;
			path = "badapple-sleepTests";
			sourceTree = "<group>";
		};
		21C27C033014423000CFC488 /* badapple-sleepUITests */ = {
			isa = PBXFileSystemSynchronizedRootGroup;
			path = "badapple-sleepUITests";
			sourceTree = "<group>";
		};
/* End PBXFileSystemSynchronizedRootGroup section */

/* Begin PBXFrameworksBuildPhase section */
		21C27BE43014422E00CFC488 /* Frameworks */ = {
			isa = PBXFrameworksBuildPhase;
			buildActionMask = 2147483647;
			files = (
			);
			runOnlyForDeploymentPostprocessing = 0;
		};
		21C27BF33014423000CFC488 /* Frameworks */ = {
			isa = PBXFrameworksBuildPhase;
			buildActionMask = 2147483647;
			files = (
			);
			runOnlyForDeploymentPostprocessing = 0;
		};
		21C27BFD3014423000CFC488 /* Frameworks */ = {
			isa = PBXFrameworksBuildPhase;
			buildActionMask = 2147483647;
			files = (
			);
			runOnlyForDeploymentPostprocessing = 0;
		};
/* End PBXFrameworksBuildPhase section */

/* Begin PBXGroup section */
		21C27BDE3014422E00CFC488 = {
			isa = PBXGroup;
			children = (
				21C27BE93014422E00CFC488 /* badapple-sleep */,
				21C27BF93014423000CFC488 /* badapple-sleepTests */,
				21C27C033014423000CFC488 /* badapple-sleepUITests */,
				21C27BE83014422E00CFC488 /* Products */,
			);
			sourceTree = "<group>";
		};
		21C27BE83014422E00CFC488 /* Products */ = {
			isa = PBXGroup;
			children = (
				21C27BE73014422E00CFC488 /* badapple-sleep.app */,
				21C27BF63014423000CFC488 /* badapple-sleepTests.xctest */,
				21C27C003014423000CFC488 /* badapple-sleepUITests.xctest */,
			);
			name = Products;
			sourceTree = "<group>";
		};
/* End PBXGroup section */

/* Begin PBXNativeTarget section */
		21C27BE63014422E00CFC488 /* badapple-sleep */ = {
			isa = PBXNativeTarget;
			buildConfigurationList = 21C27C0A3014423000CFC488 /* Build configuration list for PBXNativeTarget "badapple-sleep" */;
			buildPhases = (
				21C27BE33014422E00CFC488 /* Sources */,
				21C27BE43014422E00CFC488 /* Frameworks */,
				21C27BE53014422E00CFC488 /* Resources */,
			);
			buildRules = (
			);
			dependencies = (
			);
			fileSystemSynchronizedGroups = (
				21C27BE93014422E00CFC488 /* badapple-sleep */,
			);
			name = "badapple-sleep";
			packageProductDependencies = (
			);
			productName = "badapple-sleep";
			productReference = 21C27BE73014422E00CFC488 /* badapple-sleep.app */;
			productType = "com.apple.product-type.application";
		};
		21C27BF53014423000CFC488 /* badapple-sleepTests */ = {
			isa = PBXNativeTarget;
			buildConfigurationList = 21C27C0D3014423000CFC488 /* Build configuration list for PBXNativeTarget "badapple-sleepTests" */;
			buildPhases = (
				21C27BF23014423000CFC488 /* Sources */,
				21C27BF33014423000CFC488 /* Frameworks */,
				21C27BF43014423000CFC488 /* Resources */,
			);
			buildRules = (
			);
			dependencies = (
				21C27BF83014423000CFC488 /* PBXTargetDependency */,
			);
			fileSystemSynchronizedGroups = (
				21C27BF93014423000CFC488 /* badapple-sleepTests */,
			);
			name = "badapple-sleepTests";
			packageProductDependencies = (
			);
			productName = "badapple-sleepTests";
			productReference = 21C27BF63014423000CFC488 /* badapple-sleepTests.xctest */;
			productType = "com.apple.product-type.bundle.unit-test";
		};
		21C27BFF3014423000CFC488 /* badapple-sleepUITests */ = {
			isa = PBXNativeTarget;
			buildConfigurationList = 21C27C103014423000CFC488 /* Build configuration list for PBXNativeTarget "badapple-sleepUITests" */;
			buildPhases = (
				21C27BFC3014423000CFC488 /* Sources */,
				21C27BFD3014423000CFC488 /* Frameworks */,
				21C27BFE3014423000CFC488 /* Resources */,
			);
			buildRules = (
			);
			dependencies = (
				21C27C023014423000CFC488 /* PBXTargetDependency */,
			);
			fileSystemSynchronizedGroups = (
				21C27C033014423000CFC488 /* badapple-sleepUITests */,
			);
			name = "badapple-sleepUITests";
			packageProductDependencies = (
			);
			productName = "badapple-sleepUITests";
			productReference = 21C27C003014423000CFC488 /* badapple-sleepUITests.xctest */;
			productType = "com.apple.product-type.bundle.ui-testing";
		};
/* End PBXNativeTarget section */

/* Begin PBXProject section */
		21C27BDF3014422E00CFC488 /* Project object */ = {
			isa = PBXProject;
			attributes = {
				BuildIndependentTargetsInParallel = 1;
				LastSwiftUpdateCheck = 1630;
				LastUpgradeCheck = 1630;
				TargetAttributes = {
					21C27BE63014422E00CFC488 = {
						CreatedOnToolsVersion = 16.3;
					};
					21C27BF53014423000CFC488 = {
						CreatedOnToolsVersion = 16.3;
						TestTargetID = 21C27BE63014422E00CFC488;
					};
					21C27BFF3014423000CFC488 = {
						CreatedOnToolsVersion = 16.3;
						TestTargetID = 21C27BE63014422E00CFC488;
					};
				};
			};
			buildConfigurationList = 21C27BE23014422E00CFC488 /* Build configuration list for PBXProject "badapple-sleep" */;
			developmentRegion = en;
			hasScannedForEncodings = 0;
			knownRegions = (
				en,
				Base,
			);
			mainGroup = 21C27BDE3014422E00CFC488;
			minimizedProjectReferenceProxies = 1;
			preferredProjectObjectVersion = 77;
			productRefGroup = 21C27BE83014422E00CFC488 /* Products */;
			projectDirPath = "";
			projectRoot = "";
			targets = (
				21C27BE63014422E00CFC488 /* badapple-sleep */,
				21C27BF53014423000CFC488 /* badapple-sleepTests */,
				21C27BFF3014423000CFC488 /* badapple-sleepUITests */,
			);
		};
/* End PBXProject section */

/* Begin PBXResourcesBuildPhase section */
		21C27BE53014422E00CFC488 /* Resources */ = {
			isa = PBXResourcesBuildPhase;
			buildActionMask = 2147483647;
			files = (
			);
			runOnlyForDeploymentPostprocessing = 0;
		};
		21C27BF43014423000CFC488 /* Resources */ = {
			isa = PBXResourcesBuildPhase;
			buildActionMask = 2147483647;
			files = (
			);
			runOnlyForDeploymentPostprocessing = 0;
		};
		21C27BFE3014423000CFC488 /* Resources */ = {
			isa = PBXResourcesBuildPhase;
			buildActionMask = 2147483647;
			files = (
			);
			runOnlyForDeploymentPostprocessing = 0;
		};
/* End PBXResourcesBuildPhase section */

/* Begin PBXSourcesBuildPhase section */
		21C27BE33014422E00CFC488 /* Sources */ = {
			isa = PBXSourcesBuildPhase;
			buildActionMask = 2147483647;
			files = (
			);
			runOnlyForDeploymentPostprocessing = 0;
		};
		21C27BF23014423000CFC488 /* Sources */ = {
			isa = PBXSourcesBuildPhase;
			buildActionMask = 2147483647;
			files = (
			);
			runOnlyForDeploymentPostprocessing = 0;
		};
		21C27BFC3014423000CFC488 /* Sources */ = {
			isa = PBXSourcesBuildPhase;
			buildActionMask = 2147483647;
			files = (
			);
			runOnlyForDeploymentPostprocessing = 0;
		};
/* End PBXSourcesBuildPhase section */

/* Begin PBXTargetDependency section */
		21C27BF83014423000CFC488 /* PBXTargetDependency */ = {
			isa = PBXTargetDependency;
			target = 21C27BE63014422E00CFC488 /* badapple-sleep */;
			targetProxy = 21C27BF73014423000CFC488 /* PBXContainerItemProxy */;
		};
		21C27C023014423000CFC488 /* PBXTargetDependency */ = {
			isa = PBXTargetDependency;
			target = 21C27BE63014422E00CFC488 /* badapple-sleep */;
			targetProxy = 21C27C013014423000CFC488 /* PBXContainerItemProxy */;
		};
/* End PBXTargetDependency section */

/* Begin XCBuildConfiguration section */
		21C27C083014423000CFC488 /* Debug */ = {
			isa = XCBuildConfiguration;
			buildSettings = {
				ALWAYS_SEARCH_USER_PATHS = NO;
				ASSETCATALOG_COMPILER_GENERATE_SWIFT_ASSET_SYMBOL_EXTENSIONS = YES;
				CLANG_ANALYZER_NONNULL = YES;
				CLANG_ANALYZER_NUMBER_OBJECT_CONVERSION = YES_AGGRESSIVE;
				CLANG_CXX_LANGUAGE_STANDARD = "gnu++20";
				CLANG_ENABLE_MODULES = YES;
				CLANG_ENABLE_OBJC_ARC = YES;
				CLANG_ENABLE_OBJC_WEAK = YES;
				CLANG_WARN_BLOCK_CAPTURE_AUTORELEASING = YES;
				CLANG_WARN_BOOL_CONVERSION = YES;
				CLANG_WARN_COMMA = YES;
				CLANG_WARN_CONSTANT_CONVERSION = YES;
				CLANG_WARN_DEPRECATED_OBJC_IMPLEMENTATIONS = YES;
				CLANG_WARN_DIRECT_OBJC_ISA_USAGE = YES_ERROR;
				CLANG_WARN_DOCUMENTATION_COMMENTS = YES;
				CLANG_WARN_EMPTY_BODY = YES;
				CLANG_WARN_ENUM_CONVERSION = YES;
				CLANG_WARN_INFINITE_RECURSION = YES;
				CLANG_WARN_INT_CONVERSION = YES;
				CLANG_WARN_NON_LITERAL_NULL_CONVERSION = YES;
				CLANG_WARN_OBJC_IMPLICIT_RETAIN_SELF = YES;
				CLANG_WARN_OBJC_LITERAL_CONVERSION = YES;
				CLANG_WARN_OBJC_ROOT_CLASS = YES_ERROR;
				CLANG_WARN_QUOTED_INCLUDE_IN_FRAMEWORK_HEADER = YES;
				CLANG_WARN_RANGE_LOOP_ANALYSIS = YES;
				CLANG_WARN_STRICT_PROTOTYPES = YES;
				CLANG_WARN_SUSPICIOUS_MOVE = YES;
				CLANG_WARN_UNGUARDED_AVAILABILITY = YES_AGGRESSIVE;
				CLANG_WARN_UNREACHABLE_CODE = YES;
				CLANG_WARN__DUPLICATE_METHOD_MATCH = YES;
				COPY_PHASE_STRIP = NO;
				DEBUG_INFORMATION_FORMAT = dwarf;
				DEVELOPMENT_TEAM = X54ATANGCP;
				ENABLE_STRICT_OBJC_MSGSEND = YES;
				ENABLE_TESTABILITY = YES;
				ENABLE_USER_SCRIPT_SANDBOXING = YES;
				GCC_C_LANGUAGE_STANDARD = gnu17;
				GCC_DYNAMIC_NO_PIC = NO;
				GCC_NO_COMMON_BLOCKS = YES;
				GCC_OPTIMIZATION_LEVEL = 0;
				GCC_PREPROCESSOR_DEFINITIONS = (
					"DEBUG=1",
					"$(inherited)",
				);
				GCC_WARN_64_TO_32_BIT_CONVERSION = YES;
				GCC_WARN_ABOUT_RETURN_TYPE = YES_ERROR;
				GCC_WARN_UNDECLARED_SELECTOR = YES;
				GCC_WARN_UNINITIALIZED_AUTOS = YES_AGGRESSIVE;
				GCC_WARN_UNUSED_FUNCTION = YES;
				GCC_WARN_UNUSED_VARIABLE = YES;
				IPHONEOS_DEPLOYMENT_TARGET = 18.4;
				LOCALIZATION_PREFERS_STRING_CATALOGS = YES;
				MTL_ENABLE_DEBUG_INFO = INCLUDE_SOURCE;
				MTL_FAST_MATH = YES;
				ONLY_ACTIVE_ARCH = YES;
				SDKROOT = iphoneos;
				SWIFT_ACTIVE_COMPILATION_CONDITIONS = "DEBUG $(inherited)";
				SWIFT_OPTIMIZATION_LEVEL = "-Onone";
			};
			name = Debug;
		};
		21C27C093014423000CFC488 /* Release */ = {
			isa = XCBuildConfiguration;
			buildSettings = {
				ALWAYS_SEARCH_USER_PATHS = NO;
				ASSETCATALOG_COMPILER_GENERATE_SWIFT_ASSET_SYMBOL_EXTENSIONS = YES;
				CLANG_ANALYZER_NONNULL = YES;
				CLANG_ANALYZER_NUMBER_OBJECT_CONVERSION = YES_AGGRESSIVE;
				CLANG_CXX_LANGUAGE_STANDARD = "gnu++20";
				CLANG_ENABLE_MODULES = YES;
				CLANG_ENABLE_OBJC_ARC = YES;
				CLANG_ENABLE_OBJC_WEAK = YES;
				CLANG_WARN_BLOCK_CAPTURE_AUTORELEASING = YES;
				CLANG_WARN_BOOL_CONVERSION = YES;
				CLANG_WARN_COMMA = YES;
				CLANG_WARN_CONSTANT_CONVERSION = YES;
				CLANG_WARN_DEPRECATED_OBJC_IMPLEMENTATIONS = YES;
				CLANG_WARN_DIRECT_OBJC_ISA_USAGE = YES_ERROR;
				CLANG_WARN_DOCUMENTATION_COMMENTS = YES;
				CLANG_WARN_EMPTY_BODY = YES;
				CLANG_WARN_ENUM_CONVERSION = YES;
				CLANG_WARN_INFINITE_RECURSION = YES;
				CLANG_WARN_INT_CONVERSION = YES;
				CLANG_WARN_NON_LITERAL_NULL_CONVERSION = YES;
				CLANG_WARN_OBJC_IMPLICIT_RETAIN_SELF = YES;
				CLANG_WARN_OBJC_LITERAL_CONVERSION = YES;
				CLANG_WARN_OBJC_ROOT_CLASS = YES_ERROR;
				CLANG_WARN_QUOTED_INCLUDE_IN_FRAMEWORK_HEADER = YES;
				CLANG_WARN_RANGE_LOOP_ANALYSIS = YES;
				CLANG_WARN_STRICT_PROTOTYPES = YES;
				CLANG_WARN_SUSPICIOUS_MOVE = YES;
				CLANG_WARN_UNGUARDED_AVAILABILITY = YES_AGGRESSIVE;
				CLANG_WARN_UNREACHABLE_CODE = YES;
				CLANG_WARN__DUPLICATE_METHOD_MATCH = YES;
				COPY_PHASE_STRIP = NO;
				DEBUG_INFORMATION_FORMAT = "dwarf-with-dsym";
				DEVELOPMENT_TEAM = X54ATANGCP;
				ENABLE_NS_ASSERTIONS = NO;
				ENABLE_STRICT_OBJC_MSGSEND = YES;
				ENABLE_USER_SCRIPT_SANDBOXING = YES;
				GCC_C_LANGUAGE_STANDARD = gnu17;
				GCC_NO_COMMON_BLOCKS = YES;
				GCC_WARN_64_TO_32_BIT_CONVERSION = YES;
				GCC_WARN_ABOUT_RETURN_TYPE = YES_ERROR;
				GCC_WARN_UNDECLARED_SELECTOR = YES;
				GCC_WARN_UNINITIALIZED_AUTOS = YES_AGGRESSIVE;
				GCC_WARN_UNUSED_FUNCTION = YES;
				GCC_WARN_UNUSED_VARIABLE = YES;
				IPHONEOS_DEPLOYMENT_TARGET = 18.4;
				LOCALIZATION_PREFERS_STRING_CATALOGS = YES;
				MTL_ENABLE_DEBUG_INFO = NO;
				MTL_FAST_MATH = YES;
				SDKROOT = iphoneos;
				SWIFT_COMPILATION_MODE = wholemodule;
				VALIDATE_PRODUCT = YES;
			};
			name = Release;
		};
		21C27C0B3014423000CFC488 /* Debug */ = {
			isa = XCBuildConfiguration;
			buildSettings = {
				ASSETCATALOG_COMPILER_APPICON_NAME = AppIcon;
				ASSETCATALOG_COMPILER_GLOBAL_ACCENT_COLOR_NAME = AccentColor;
				CODE_SIGN_ENTITLEMENTS = "badapple-sleep/badapple-sleep.entitlements";
				CODE_SIGN_STYLE = Automatic;
				CURRENT_PROJECT_VERSION = 1;
				DEVELOPMENT_TEAM = X54ATANGCP;
				ENABLE_PREVIEWS = YES;
				GENERATE_INFOPLIST_FILE = YES;
				INFOPLIST_KEY_LSApplicationCategoryType = "";
				INFOPLIST_KEY_NSHealthShareUsageDescription = "This app imports sleep stage data.";
				INFOPLIST_KEY_NSHealthUpdateUsageDescription = "This app writes sleep stage data.";
				INFOPLIST_KEY_UIApplicationSceneManifest_Generation = YES;
				INFOPLIST_KEY_UIApplicationSupportsIndirectInputEvents = YES;
				INFOPLIST_KEY_UILaunchScreen_Generation = YES;
				INFOPLIST_KEY_UISupportedInterfaceOrientations_iPad = "UIInterfaceOrientationPortrait UIInterfaceOrientationPortraitUpsideDown UIInterfaceOrientationLandscapeLeft UIInterfaceOrientationLandscapeRight";
				INFOPLIST_KEY_UISupportedInterfaceOrientations_iPhone = "UIInterfaceOrientationPortrait UIInterfaceOrientationLandscapeLeft UIInterfaceOrientationLandscapeRight";
				LD_RUNPATH_SEARCH_PATHS = (
					"$(inherited)",
					"@executable_path/Frameworks",
				);
				MARKETING_VERSION = 1.0;
				PRODUCT_BUNDLE_IDENTIFIER = "Kevin-Lin.badapple-sleep";
				PRODUCT_NAME = "$(TARGET_NAME)";
				SWIFT_EMIT_LOC_STRINGS = YES;
				SWIFT_VERSION = 5.0;
				TARGETED_DEVICE_FAMILY = "1,2";
			};
			name = Debug;
		};
		21C27C0C3014423000CFC488 /* Release */ = {
			isa = XCBuildConfiguration;
			buildSettings = {
				ASSETCATALOG_COMPILER_APPICON_NAME = AppIcon;
				ASSETCATALOG_COMPILER_GLOBAL_ACCENT_COLOR_NAME = AccentColor;
				CODE_SIGN_ENTITLEMENTS = "badapple-sleep/badapple-sleep.entitlements";
				CODE_SIGN_STYLE = Automatic;
				CURRENT_PROJECT_VERSION = 1;
				DEVELOPMENT_TEAM = X54ATANGCP;
				ENABLE_PREVIEWS = YES;
				GENERATE_INFOPLIST_FILE = YES;
				INFOPLIST_KEY_LSApplicationCategoryType = "";
				INFOPLIST_KEY_NSHealthShareUsageDescription = "This app imports sleep stage data.";
				INFOPLIST_KEY_NSHealthUpdateUsageDescription = "This app writes sleep stage data.";
				INFOPLIST_KEY_UIApplicationSceneManifest_Generation = YES;
				INFOPLIST_KEY_UIApplicationSupportsIndirectInputEvents = YES;
				INFOPLIST_KEY_UILaunchScreen_Generation = YES;
				INFOPLIST_KEY_UISupportedInterfaceOrientations_iPad = "UIInterfaceOrientationPortrait UIInterfaceOrientationPortraitUpsideDown UIInterfaceOrientationLandscapeLeft UIInterfaceOrientationLandscapeRight";
				INFOPLIST_KEY_UISupportedInterfaceOrientations_iPhone = "UIInterfaceOrientationPortrait UIInterfaceOrientationLandscapeLeft UIInterfaceOrientationLandscapeRight";
				LD_RUNPATH_SEARCH_PATHS = (
					"$(inherited)",
					"@executable_path/Frameworks",
				);
				MARKETING_VERSION = 1.0;
				PRODUCT_BUNDLE_IDENTIFIER = "Kevin-Lin.badapple-sleep";
				PRODUCT_NAME = "$(TARGET_NAME)";
				SWIFT_EMIT_LOC_STRINGS = YES;
				SWIFT_VERSION = 5.0;
				TARGETED_DEVICE_FAMILY = "1,2";
			};
			name = Release;
		};
		21C27C0E3014423000CFC488 /* Debug */ = {
			isa = XCBuildConfiguration;
			buildSettings = {
				BUNDLE_LOADER = "$(TEST_HOST)";
				CODE_SIGN_STYLE = Automatic;
				CURRENT_PROJECT_VERSION = 1;
				DEVELOPMENT_TEAM = X54ATANGCP;
				GENERATE_INFOPLIST_FILE = YES;
				IPHONEOS_DEPLOYMENT_TARGET = 18.4;
				MARKETING_VERSION = 1.0;
				PRODUCT_BUNDLE_IDENTIFIER = "Kevin-Lin.badapple-sleepTests";
				PRODUCT_NAME = "$(TARGET_NAME)";
				SWIFT_EMIT_LOC_STRINGS = NO;
				SWIFT_VERSION = 5.0;
				TARGETED_DEVICE_FAMILY = "1,2";
				TEST_HOST = "$(BUILT_PRODUCTS_DIR)/badapple-sleep.app/$(BUNDLE_EXECUTABLE_FOLDER_PATH)/badapple-sleep";
			};
			name = Debug;
		};
		21C27C0F3014423000CFC488 /* Release */ = {
			isa = XCBuildConfiguration;
			buildSettings = {
				BUNDLE_LOADER = "$(TEST_HOST)";
				CODE_SIGN_STYLE = Automatic;
				CURRENT_PROJECT_VERSION = 1;
				DEVELOPMENT_TEAM = X54ATANGCP;
				GENERATE_INFOPLIST_FILE = YES;
				IPHONEOS_DEPLOYMENT_TARGET = 18.4;
				MARKETING_VERSION = 1.0;
				PRODUCT_BUNDLE_IDENTIFIER = "Kevin-Lin.badapple-sleepTests";
				PRODUCT_NAME = "$(TARGET_NAME)";
				SWIFT_EMIT_LOC_STRINGS = NO;
				SWIFT_VERSION = 5.0;
				TARGETED_DEVICE_FAMILY = "1,2";
				TEST_HOST = "$(BUILT_PRODUCTS_DIR)/badapple-sleep.app/$(BUNDLE_EXECUTABLE_FOLDER_PATH)/badapple-sleep";
			};
			name = Release;
		};
		21C27C113014423000CFC488 /* Debug */ = {
			isa = XCBuildConfiguration;
			buildSettings = {
				CODE_SIGN_STYLE = Automatic;
				CURRENT_PROJECT_VERSION = 1;
				DEVELOPMENT_TEAM = X54ATANGCP;
				GENERATE_INFOPLIST_FILE = YES;
				MARKETING_VERSION = 1.0;
				PRODUCT_BUNDLE_IDENTIFIER = "Kevin-Lin.badapple-sleepUITests";
				PRODUCT_NAME = "$(TARGET_NAME)";
				SWIFT_EMIT_LOC_STRINGS = NO;
				SWIFT_VERSION = 5.0;
				TARGETED_DEVICE_FAMILY = "1,2";
				TEST_TARGET_NAME = "badapple-sleep";
			};
			name = Debug;
		};
		21C27C123014423000CFC488 /* Release */ = {
			isa = XCBuildConfiguration;
			buildSettings = {
				CODE_SIGN_STYLE = Automatic;
				CURRENT_PROJECT_VERSION = 1;
				DEVELOPMENT_TEAM = X54ATANGCP;
				GENERATE_INFOPLIST_FILE = YES;
				MARKETING_VERSION = 1.0;
				PRODUCT_BUNDLE_IDENTIFIER = "Kevin-Lin.badapple-sleepUITests";
				PRODUCT_NAME = "$(TARGET_NAME)";
				SWIFT_EMIT_LOC_STRINGS = NO;
				SWIFT_VERSION = 5.0;
				TARGETED_DEVICE_FAMILY = "1,2";
				TEST_TARGET_NAME = "badapple-sleep";
			};
			name = Release;
		};
/* End XCBuildConfiguration section */

/* Begin XCConfigurationList section */
		21C27BE23014422E00CFC488 /* Build configuration list for PBXProject "badapple-sleep" */ = {
			isa = XCConfigurationList;
			buildConfigurations = (
				21C27C083014423000CFC488 /* Debug */,
				21C27C093014423000CFC488 /* Release */,
			);
			defaultConfigurationIsVisible = 0;
			defaultConfigurationName = Release;
		};
		21C27C0A3014423000CFC488 /* Build configuration list for PBXNativeTarget "badapple-sleep" */ = {
			isa = XCConfigurationList;
			buildConfigurations = (
				21C27C0B3014423000CFC488 /* Debug */,
				21C27C0C3014423000CFC488 /* Release */,
			);
			defaultConfigurationIsVisible = 0;
			defaultConfigurationName = Release;
		};
		21C27C0D3014423000CFC488 /* Build configuration list for PBXNativeTarget "badapple-sleepTests" */ = {
			isa = XCConfigurationList;
			buildConfigurations = (
				21C27C0E3014423000CFC488 /* Debug */,
				21C27C0F3014423000CFC488 /* Release */,
			);
			defaultConfigurationIsVisible = 0;
			defaultConfigurationName = Release;
		};
		21C27C103014423000CFC488 /* Build configuration list for PBXNativeTarget "badapple-sleepUITests" */ = {
			isa = XCConfigurationList;
			buildConfigurations = (
				21C27C113014423000CFC488 /* Debug */,
				21C27C123014423000CFC488 /* Release */,
			);
			defaultConfigurationIsVisible = 0;
			defaultConfigurationName = Release;
		};
/* End XCConfigurationList section */
	};
	rootObject = 21C27BDF3014422E00CFC488 /* Project object */;
}
